
Microsoft Visual Studio Solution File, Format Version 12.00
# Visual Studio 15
VisualStudioVersion = 15.0.27428.2037
MinimumVisualStudioVersion = 10.0.40219.1
Project("{FAE04EC0-301F-11D3-BF4B-00C04F79EFBC}") = "PostJesusSeguridadWebApi", "PostJesusSeguridadWebApi\PostJesusSeguridadWebApi.csproj", "{3226C0AD-FC5F-4868-9F93-B440CDA4B309}"
EndProject
Global
	GlobalSection(SolutionConfigurationPlatforms) = preSolution
		Debug|Any CPU = Debug|Any CPU
		Release|Any CPU = Release|Any CPU
	EndGlobalSection
	GlobalSection(ProjectConfigurationPlatforms) = postSolution
		{3226C0AD-FC5F-4868-9F93-B440CDA4B309}.Debug|Any CPU.ActiveCfg = Debug|Any CPU
		{3226C0AD-FC5F-4868-9F93-B440CDA4B309}.Debug|Any CPU.Build.0 = Debug|Any CPU
		{3226C0AD-FC5F-4868-9F93-B440CDA4B309}.Release|Any CPU.ActiveCfg = Release|Any CPU
		{3226C0AD-FC5F-4868-9F93-B440CDA4B309}.Release|Any CPU.Build.0 = Release|Any CPU
	EndGlobalSection
	GlobalSection(SolutionProperties) = preSolution
		HideSolutionNode = FALSE
	EndGlobalSection
	GlobalSection(ExtensibilityGlobals) = postSolution
		SolutionGuid = {212DE785-4056-4A5A-9B04-64D15EAFE669}
	EndGlobalSection
EndGlobal
